{
  "version": 1,
  "dependencies": {
    "net10.0": {
      "Microsoft.Extensions.Hosting.WindowsServices": {
        "type": "Direct",
        "requested": "[10.0.12, )",
        "resolved": "10.0.12",
        "contentHash": "Za5xCWb7jkHd7+hYu8C22uIf0DGhNASIiXo1xSU450nj01RFCerP06h1Bh3kxUm+5DijfgP0gtpY6v+oI/UI4g==",
        "dependencies": {
          "System.ServiceProcess.ServiceController": "10.0.12"
        }
      },
      "Microsoft.NET.ILLink.Tasks": {
        "type": "Direct",
        "requested": "[10.0.12, )",
        "resolved": "10.0.12",
        "contentHash": "xi+BDjFpW+Sb+MHFHaH6Y/gV9I8BluFwRXc1QyCdoZbIK26eNiBeFuMTe/FMwc33G1wdHCyDg7CVTmb8OdQrMQ=="
      },
      "SixLabors.ImageSharp": {
        "type": "Direct",
        "requested": "[2.1.13, )",
        "resolved": "2.1.13",
        "contentHash": "zmVHZR13XE477TBAVXE71VcMhqhiv1PbzMWIfuIDytVdBPl3KZlvYYBkqcuQSDdszVY2XHanW98VmDffoNzSSw=="
      },
      "SourceAFIS": {
        "type": "Direct",
        "requested": "[3.14.0, )",
        "resolved": "3.14.0",
        "contentHash": "TLTICwNMqBROeEAa4JNeY5eW3PyBawg6hrSqqEZ/45RtM0+e6oVHIzL4AYipF1SC2BlKh+ofhgxnuaDmPqMzuA==",
        "dependencies": {
          "Dahomey.Cbor": "1.16.1",
          "SixLabors.ImageSharp": "2.1.3"
        }
      },
      "System.Management": {
        "type": "Direct",
        "requested": "[10.0.12, )",
        "resolved": "10.0.12",
        "contentHash": "ApUsYmsNG8aPiMxsO6ROGZnqJwSZY8zeMlAQcuQg+ilPFUcIyBUC0BL8qA6wmPLNVsvL4nyhUrhhxh6qn0cx0Q==",
        "dependencies": {
          "System.CodeDom": "10.0.12"
        }
      },
      "System.Security.Cryptography.ProtectedData": {
        "type": "Direct",
        "requested": "[10.0.12, )",
        "resolved": "10.0.12",
        "contentHash": "wO0W8VDMeRJZakRySOmemAnrBZMwEFRlbfBtATxUiLf2I3IhSRnCp1Vt157NWptdE4IJ7eftd5n8q9LtaKHFTQ=="
      },
      "Dahomey.Cbor": {
        "type": "Transitive",
        "resolved": "1.16.1",
        "contentHash": "NeFvt9CXi5Ew6ZnpjQsO4RoKfZiSZH3Ap7PCdqHryr/RL5WrrPl1+JbXny8ynNEmb6/1wDfT1F5I9fbPN6H84w=="
      },
      "System.CodeDom": {
        "type": "Transitive",
        "resolved": "10.0.12",
        "contentHash": "Kk3yEavoGHXCAFTLLegxztgSdj24JrkAHelwgWnu+YMFxezcU2DbABEOOIMdy04PExUtKQtlazaKqo0qSa1X6A=="
      },
      "System.ServiceProcess.ServiceController": {
        "type": "Transitive",
        "resolved": "10.0.12",
        "contentHash": "sFV+RM/yPtshiCAEIuTm8Dt4F7VuKRbL50PnGC9nXHolk/jw+z3T8zx7axKTBC8mqtQU2ZmjsoPC9b1iwOilNQ=="
      }
    },
    "net10.0/win-x64": {
      "System.Management": {
        "type": "Direct",
        "requested": "[10.0.12, )",
        "resolved": "10.0.12",
        "contentHash": "ApUsYmsNG8aPiMxsO6ROGZnqJwSZY8zeMlAQcuQg+ilPFUcIyBUC0BL8qA6wmPLNVsvL4nyhUrhhxh6qn0cx0Q==",
        "dependencies": {
          "System.CodeDom": "10.0.12"
        }
      },
      "System.ServiceProcess.ServiceController": {
        "type": "Transitive",
        "resolved": "10.0.12",
        "contentHash": "sFV+RM/yPtshiCAEIuTm8Dt4F7VuKRbL50PnGC9nXHolk/jw+z3T8zx7axKTBC8mqtQU2ZmjsoPC9b1iwOilNQ=="
      }
    }
  }
}